github.com/thorstenrie/tserr v1.5.1 h1:ct35qjlP6dsCQ5wQO+F2pY8uqbqqvDY6PDlJHC9KSo4=
github.com/thorstenrie/tserr v1.5.1/go.mod h1:s/wDwTQb7zbVPut9qeDy24TQgRYvI/KBhL4ADAFG2kI=
github.com/thorstenrie/tsfio v1.1.1 h1:hCr/6JTzM6b/oZ0XMBWGtiTVeT4qvK2eN4gRN3LvgLk=
github.com/thorstenrie/tsfio v1.1.1/go.mod h1:zPVWqTrmhzWYyQfscQ4uRL/IV5CwiLsMzWyD6qC8mVU=
